{
  "object": {
    "pins": [
      {
        "package": "kotlin_demo_lib",
        "repositoryURL": "/Users/zhoukaiwen/GitHub/kotlin_demo_lib",
        "state": {
          "branch": "main",
          "revision": "84b8069687e57ef7049e8cfc34ff8fa3f8a65565",
          "version": null
        }
      }
    ]
  },
  "version": 1
}
