{
  "object": {
    "pins": [
      {
        "package": "kotlin_demo_lib",
        "repositoryURL": "/Users/zhoukaiwen/GitHub/kotlin_demo_lib",
        "state": {
          "branch": "main",
          "revision": "96fb78e0328dc33ecad614b1f30a4dee99607ed1",
          "version": null
        }
      }
    ]
  },
  "version": 1
}
